
Microsoft Visual Studio Solution File, Format Version 12.00
# Visual Studio 14
VisualStudioVersion = 14.0.25420.1
MinimumVisualStudioVersion = 10.0.40219.1
Project("{FAE04EC0-301F-11D3-BF4B-00C04F79EFBC}") = "Vista", "Vista\Vista.csproj", "{1DA7381F-FDC9-4832-9DCB-0FF2010D9E7E}"
EndProject
Project("{FAE04EC0-301F-11D3-BF4B-00C04F79EFBC}") = "Control", "Control\Control.csproj", "{C7755D21-3761-4F45-8FAA-23DAE4612FE2}"
EndProject
Global
	GlobalSection(SolutionConfigurationPlatforms) = preSolution
		Debug|Any CPU = Debug|Any CPU
		Release|Any CPU = Release|Any CPU
	EndGlobalSection
	GlobalSection(ProjectConfigurationPlatforms) = postSolution
		{1DA7381F-FDC9-4832-9DCB-0FF2010D9E7E}.Debug|Any CPU.ActiveCfg = Debug|Any CPU
		{1DA7381F-FDC9-4832-9DCB-0FF2010D9E7E}.Debug|Any CPU.Build.0 = Debug|Any CPU
		{1DA7381F-FDC9-4832-9DCB-0FF2010D9E7E}.Release|Any CPU.ActiveCfg = Release|Any CPU
		{1DA7381F-FDC9-4832-9DCB-0FF2010D9E7E}.Release|Any CPU.Build.0 = Release|Any CPU
		{C7755D21-3761-4F45-8FAA-23DAE4612FE2}.Debug|Any CPU.ActiveCfg = Debug|Any CPU
		{C7755D21-3761-4F45-8FAA-23DAE4612FE2}.Debug|Any CPU.Build.0 = Debug|Any CPU
		{C7755D21-3761-4F45-8FAA-23DAE4612FE2}.Release|Any CPU.ActiveCfg = Release|Any CPU
		{C7755D21-3761-4F45-8FAA-23DAE4612FE2}.Release|Any CPU.Build.0 = Release|Any CPU
	EndGlobalSection
	GlobalSection(SolutionProperties) = preSolution
		HideSolutionNode = FALSE
	EndGlobalSection
EndGlobal
